
Microsoft Visual Studio Solution File, Format Version 12.00
# Visual Studio Version 18
VisualStudioVersion = 18.6.11819.183 stable
MinimumVisualStudioVersion = 10.0.40219.1
Project("{FAE04EC0-301F-11D3-BF4B-00C04F79EFBC}") = "MazeQuest", "MazeQuest.csproj", "{DFB773B0-1B23-AC9B-AF3E-5915BC580A1F}"
EndProject
Global
	GlobalSection(SolutionConfigurationPlatforms) = preSolution
		Debug|Any CPU = Debug|Any CPU
		Release|Any CPU = Release|Any CPU
	EndGlobalSection
	GlobalSection(ProjectConfigurationPlatforms) = postSolution
		{DFB773B0-1B23-AC9B-AF3E-5915BC580A1F}.Debug|Any CPU.ActiveCfg = Debug|Any CPU
		{DFB773B0-1B23-AC9B-AF3E-5915BC580A1F}.Debug|Any CPU.Build.0 = Debug|Any CPU
		{DFB773B0-1B23-AC9B-AF3E-5915BC580A1F}.Release|Any CPU.ActiveCfg = Release|Any CPU
		{DFB773B0-1B23-AC9B-AF3E-5915BC580A1F}.Release|Any CPU.Build.0 = Release|Any CPU
	EndGlobalSection
	GlobalSection(SolutionProperties) = preSolution
		HideSolutionNode = FALSE
	EndGlobalSection
	GlobalSection(ExtensibilityGlobals) = postSolution
		SolutionGuid = {2C6E8B51-5890-4F7D-B7DB-CA1BA8108EE6}
	EndGlobalSection
EndGlobal
